
Microsoft Visual Studio Solution File, Format Version 12.00
# Visual Studio Version 17
VisualStudioVersion = 17.2.32519.379
MinimumVisualStudioVersion = 10.0.40219.1
Project("{9A19103F-16F7-4668-BE54-9A1E7A4F7556}") = "BetBookUI", "BetBookUI\BetBookUI.csproj", "{A60094EC-A6B4-4AD2-A4E2-7A58B7C50C63}"
EndProject
Project("{2150E333-8FDC-42A3-9474-1A3956D46DE8}") = "Solution Items", "Solution Items", "{FFAB112F-666B-4201-AD7D-89142F40DD3D}"
	ProjectSection(SolutionItems) = preProject
		.editorconfig = .editorconfig
	EndProjectSection
EndProject
Project("{9A19103F-16F7-4668-BE54-9A1E7A4F7556}") = "BetBookData", "BetBookData\BetBookData.csproj", "{3A2BE722-2496-4570-9C15-595968EC8425}"
EndProject
Project("{00D1A9C2-B5F0-4AF3-8072-F6C62B433612}") = "BetBookSqlDatabase", "BetBookSqlDatabase\BetBookSqlDatabase.sqlproj", "{04880732-1CD8-4574-B6E7-63CE6DCB184A}"
EndProject
Project("{9A19103F-16F7-4668-BE54-9A1E7A4F7556}") = "BetBookMinApi", "BetBookMinApi\BetBookMinApi.csproj", "{78542C38-8545-4250-96F5-9C6343523B54}"
EndProject
Project("{FAE04EC0-301F-11D3-BF4B-00C04F79EFBC}") = "BetBookDbAccess", "BetBookDbAccess\BetBookDbAccess.csproj", "{6B91A81E-E502-4C34-A803-3C044D2DB627}"
EndProject
Global
	GlobalSection(SolutionConfigurationPlatforms) = preSolution
		Debug|Any CPU = Debug|Any CPU
		Release|Any CPU = Release|Any CPU
	EndGlobalSection
	GlobalSection(ProjectConfigurationPlatforms) = postSolution
		{A60094EC-A6B4-4AD2-A4E2-7A58B7C50C63}.Debug|Any CPU.ActiveCfg = Debug|Any CPU
		{A60094EC-A6B4-4AD2-A4E2-7A58B7C50C63}.Debug|Any CPU.Build.0 = Debug|Any CPU
		{A60094EC-A6B4-4AD2-A4E2-7A58B7C50C63}.Release|Any CPU.ActiveCfg = Release|Any CPU
		{A60094EC-A6B4-4AD2-A4E2-7A58B7C50C63}.Release|Any CPU.Build.0 = Release|Any CPU
		{3A2BE722-2496-4570-9C15-595968EC8425}.Debug|Any CPU.ActiveCfg = Debug|Any CPU
		{3A2BE722-2496-4570-9C15-595968EC8425}.Debug|Any CPU.Build.0 = Debug|Any CPU
		{3A2BE722-2496-4570-9C15-595968EC8425}.Release|Any CPU.ActiveCfg = Release|Any CPU
		{3A2BE722-2496-4570-9C15-595968EC8425}.Release|Any CPU.Build.0 = Release|Any CPU
		{04880732-1CD8-4574-B6E7-63CE6DCB184A}.Debug|Any CPU.ActiveCfg = Debug|Any CPU
		{04880732-1CD8-4574-B6E7-63CE6DCB184A}.Debug|Any CPU.Build.0 = Debug|Any CPU
		{04880732-1CD8-4574-B6E7-63CE6DCB184A}.Debug|Any CPU.Deploy.0 = Debug|Any CPU
		{04880732-1CD8-4574-B6E7-63CE6DCB184A}.Release|Any CPU.ActiveCfg = Release|Any CPU
		{04880732-1CD8-4574-B6E7-63CE6DCB184A}.Release|Any CPU.Build.0 = Release|Any CPU
		{04880732-1CD8-4574-B6E7-63CE6DCB184A}.Release|Any CPU.Deploy.0 = Release|Any CPU
		{78542C38-8545-4250-96F5-9C6343523B54}.Debug|Any CPU.ActiveCfg = Debug|Any CPU
		{78542C38-8545-4250-96F5-9C6343523B54}.Debug|Any CPU.Build.0 = Debug|Any CPU
		{78542C38-8545-4250-96F5-9C6343523B54}.Release|Any CPU.ActiveCfg = Release|Any CPU
		{78542C38-8545-4250-96F5-9C6343523B54}.Release|Any CPU.Build.0 = Release|Any CPU
		{6B91A81E-E502-4C34-A803-3C044D2DB627}.Debug|Any CPU.ActiveCfg = Debug|Any CPU
		{6B91A81E-E502-4C34-A803-3C044D2DB627}.Debug|Any CPU.Build.0 = Debug|Any CPU
		{6B91A81E-E502-4C34-A803-3C044D2DB627}.Release|Any CPU.ActiveCfg = Release|Any CPU
		{6B91A81E-E502-4C34-A803-3C044D2DB627}.Release|Any CPU.Build.0 = Release|Any CPU
	EndGlobalSection
	GlobalSection(SolutionProperties) = preSolution
		HideSolutionNode = FALSE
	EndGlobalSection
	GlobalSection(ExtensibilityGlobals) = postSolution
		SolutionGuid = {64CE3E72-4F83-4C6E-9A0E-8E5AF93A15C0}
	EndGlobalSection
EndGlobal
